{
  "name": "js",
  "version": "1.0.0",
  "lockfileVersion": 1,
  "requires": true,
  "dependencies": {
    "@babel/runtime": {
      "version": "7.11.2",
      "resolved": "https://registry.npmjs.org/@babel/runtime/-/runtime-7.11.2.tgz",
      "integrity": "sha512-TeWkU52so0mPtDcaCTxNBI/IHiz0pZgr8VEFqXFtZWpYD08ZB6FaSwVAS8MKRQAP3bYKiVjwysOJgMFY28o6Tw==",
      "requires": {
        "regenerator-runtime": "^0.13.4"
      }
    },
    "blob": {
      "version": "0.1.0",
      "resolved": "https://registry.npmjs.org/blob/-/blob-0.1.0.tgz",
      "integrity": "sha512-k+GwK+4Rj+MPNT4qu+y6+kHp+mPmmNd+28zdrIo69QM9UvypK5Vhcw7jnRiY4KaOMAiOdn0NtPQGTb+Ox1Dtng==",
      "requires": {
        "esm": "^3.2.25"
      }
    },
    "blob-polyfill": {
      "version": "4.0.20200601",
      "resolved": "https://registry.npmjs.org/blob-polyfill/-/blob-polyfill-4.0.20200601.tgz",
      "integrity": "sha512-1jB6WOIp6IDxNyng5+9A8g/f0uiphib2ELCN+XAnlssinsW8s1k4VYG9b1TxIUd3pdm9RJSLQuBh6iohYmD4hA=="
    },
    "compilerr": {
      "version": "8.0.17",
      "resolved": "https://registry.npmjs.org/compilerr/-/compilerr-8.0.17.tgz",
      "integrity": "sha512-WWngcd07AcJf4g71T65jpPzyM9isfukehmfQHDBSPJ5YxoXRFfe/DxPcYp3NVT6tdDTwywwwDzkb5R+KJKQmFA==",
      "requires": {
        "@babel/runtime": "^7.11.2",
        "dashify": "^2.0.0",
        "indefinite-article": "0.0.2",
        "tslib": "^2.0.1"
      }
    },
    "cross-blob": {
      "version": "2.0.0",
      "resolved": "https://registry.npmjs.org/cross-blob/-/cross-blob-2.0.0.tgz",
      "integrity": "sha512-NWzFuyG4GTZnM9MtQvjPYVlO12lZCSBdoHIHCZl9WKShsK3CqO+bEH7nuKwlVomlByb37XvT6nVY5uQxDBmk5Q==",
      "requires": {
        "blob-polyfill": "^4.0.20200601",
        "fetch-blob": "^2.0.1"
      }
    },
    "dashify": {
      "version": "2.0.0",
      "resolved": "https://registry.npmjs.org/dashify/-/dashify-2.0.0.tgz",
      "integrity": "sha512-hpA5C/YrPjucXypHPPc0oJ1l9Hf6wWbiOL7Ik42cxnsUOhWiCB/fylKbKqqJalW9FgkNQCw16YO8uW9Hs0Iy1A=="
    },
    "deep-object-diff": {
      "version": "1.1.0",
      "resolved": "https://registry.npmjs.org/deep-object-diff/-/deep-object-diff-1.1.0.tgz",
      "integrity": "sha512-b+QLs5vHgS+IoSNcUE4n9HP2NwcHj7aqnJWsjPtuG75Rh5TOaGt0OjAYInh77d5T16V5cRDC+Pw/6ZZZiETBGw=="
    },
    "esm": {
      "version": "3.2.25",
      "resolved": "https://registry.npmjs.org/esm/-/esm-3.2.25.tgz",
      "integrity": "sha512-U1suiZ2oDVWv4zPO56S0NcR5QriEahGtdN2OR6FiOG4WJvcjBVFB0qI4+eKoWFH483PKGuLuu6V8Z4T5g63UVA=="
    },
    "fast-unique-numbers": {
      "version": "5.0.16",
      "resolved": "https://registry.npmjs.org/fast-unique-numbers/-/fast-unique-numbers-5.0.16.tgz",
      "integrity": "sha512-RpNRsSrCCQJv4FiYxHgl9LWkHITM1ETjNSeeMboA7S7N8bxijBm+pSsFNomMzDrb+mXarm3pKx0AMD58GB7ZCg==",
      "requires": {
        "@babel/runtime": "^7.11.2",
        "tslib": "^2.0.1"
      }
    },
    "fetch-blob": {
      "version": "2.1.1",
      "resolved": "https://registry.npmjs.org/fetch-blob/-/fetch-blob-2.1.1.tgz",
      "integrity": "sha512-Uf+gxPCe1hTOFXwkxYyckn8iUSk6CFXGy5VENZKifovUTZC9eUODWSBhOBS7zICGrAetKzdwLMr85KhIcePMAQ=="
    },
    "file-to-array-buffer": {
      "version": "1.0.0",
      "resolved": "https://registry.npmjs.org/file-to-array-buffer/-/file-to-array-buffer-1.0.0.tgz",
      "integrity": "sha512-rcJKsia0uWadVOwR9Ov6r0HLClWs/ZESzayu/wQ+DjRuxw6tD5rv8u7p6LGG3bXMbC+IdWXye/xsY3GnOzj0fA=="
    },
    "filereader": {
      "version": "0.10.3",
      "resolved": "https://registry.npmjs.org/filereader/-/filereader-0.10.3.tgz",
      "integrity": "sha1-x0fUos2PYeVBinwH/hJXpD8KzbE="
    },
    "indefinite-article": {
      "version": "0.0.2",
      "resolved": "https://registry.npmjs.org/indefinite-article/-/indefinite-article-0.0.2.tgz",
      "integrity": "sha1-S8hVJXBmz6th6mi+unXRANbiUGs="
    },
    "json-midi-encoder": {
      "version": "5.0.8",
      "resolved": "https://registry.npmjs.org/json-midi-encoder/-/json-midi-encoder-5.0.8.tgz",
      "integrity": "sha512-e8MGZTr6ESJC0P77EmPmg33q1bvfu4evSB7SPsaujAqWT7fQ4aYln+cQwu7rSela+07NjqeL79FSch9y77qp5g==",
      "requires": {
        "@babel/runtime": "^7.11.2",
        "json-midi-encoder-broker": "^4.0.20",
        "json-midi-encoder-worker": "^6.0.8",
        "tslib": "^2.0.1"
      }
    },
    "json-midi-encoder-broker": {
      "version": "4.0.20",
      "resolved": "https://registry.npmjs.org/json-midi-encoder-broker/-/json-midi-encoder-broker-4.0.20.tgz",
      "integrity": "sha512-HlpeJEm4zs88lyE9VuJipIVK1SPunJUmKgSiBMy7A3TF9I/ZWQgR1S3UpQXWQtMxgqgragdkl6msqrzNBf0Ldg==",
      "requires": {
        "@babel/runtime": "^7.11.2",
        "fast-unique-numbers": "^5.0.16",
        "json-midi-encoder-worker": "^6.0.8",
        "midi-json-parser-worker": "^8.0.8",
        "tslib": "^2.0.1"
      }
    },
    "json-midi-encoder-worker": {
      "version": "6.0.8",
      "resolved": "https://registry.npmjs.org/json-midi-encoder-worker/-/json-midi-encoder-worker-6.0.8.tgz",
      "integrity": "sha512-0Bf+/Qqh/fCisBsIJlLJThc21qwRnuc7YoD9c3MjeFR+/iuUw90w4Wiz0J8WAeZDGtYWltRlgiqRWC9/HD+dIw==",
      "requires": {
        "@babel/runtime": "^7.11.2",
        "json-midi-message-encoder": "^4.0.8",
        "midi-json-parser-worker": "^8.0.8",
        "tslib": "^2.0.1"
      }
    },
    "json-midi-message-encoder": {
      "version": "4.0.8",
      "resolved": "https://registry.npmjs.org/json-midi-message-encoder/-/json-midi-message-encoder-4.0.8.tgz",
      "integrity": "sha512-fykh9JCmVIUG3reIokEz8Y6sc6KnRxqcQ9vr/2oYmqQdFq/pMSlHXmEPoioITlbeKVYSN5Ys6XtS9VfFFj5Fww==",
      "requires": {
        "@babel/runtime": "^7.11.2",
        "midi-json-parser-worker": "^8.0.8",
        "tslib": "^2.0.1"
      }
    },
    "midi-json-parser-worker": {
      "version": "8.0.8",
      "resolved": "https://registry.npmjs.org/midi-json-parser-worker/-/midi-json-parser-worker-8.0.8.tgz",
      "integrity": "sha512-HVvKWEptYEpfeN6YNMnFLtREfWqjMoYD5oNnfp0ovbcy1N2yX8bPsi3oFd9rXWwMyEZ3o0NhFK2YOs0FNalPxw==",
      "requires": {
        "@babel/runtime": "^7.11.2",
        "tslib": "^2.0.1",
        "worker-factory": "^6.0.19"
      }
    },
    "midi-parser-js": {
      "version": "4.0.4",
      "resolved": "https://registry.npmjs.org/midi-parser-js/-/midi-parser-js-4.0.4.tgz",
      "integrity": "sha512-yCCUNemjDET40SPslUbAyi7lClSS+ttcBAWNY337kJouRFsEtIql38Fp4p5xfODkltFvuqHJL9JytnZIrzpJbw=="
    },
    "midi-writer-js": {
      "version": "1.7.4",
      "resolved": "https://registry.npmjs.org/midi-writer-js/-/midi-writer-js-1.7.4.tgz",
      "integrity": "sha512-Qpou6O+G8G3ZhDyzGwKjm9Tj2u5YeEFVcxB8MAy7nGuq3Ii8DJlOaqHEllS9n+tq6l2FSExgLJz+d3hwrF8UZQ==",
      "requires": {
        "tonal-midi": "^0.69.7"
      }
    },
    "midievents": {
      "version": "2.0.0",
      "resolved": "https://registry.npmjs.org/midievents/-/midievents-2.0.0.tgz",
      "integrity": "sha512-8ABFjr+IKj1ZMAERj0jo99v/ifXU6kCbx9QKj4lM5GccaU81FPk+OVgt3FptGF9zcEsGJY74pl6juRkXDQJs+A=="
    },
    "midifile": {
      "version": "2.0.0",
      "resolved": "https://registry.npmjs.org/midifile/-/midifile-2.0.0.tgz",
      "integrity": "sha512-JQw8RzJ3auOKR/fWIgt6gqKXKrPdq/AZjToQroqTjL0heBa7Ra0EvzRf/y/RDAC/UGMs6eIwB7jLS3nc9DHxZQ==",
      "requires": {
        "midievents": "^2.0.0",
        "utf-8": "^2.0.0"
      }
    },
    "note-parser": {
      "version": "2.0.1",
      "resolved": "https://registry.npmjs.org/note-parser/-/note-parser-2.0.1.tgz",
      "integrity": "sha1-JDj9V6RolLQCs6IHF5hmASnI+8E="
    },
    "regenerator-runtime": {
      "version": "0.13.7",
      "resolved": "https://registry.npmjs.org/regenerator-runtime/-/regenerator-runtime-0.13.7.tgz",
      "integrity": "sha512-a54FxoJDIr27pgf7IgeQGxmqUNYrcV338lf/6gH456HZ/PhX+5BcwHXG9ajESmwe6WRO0tAzRUrRmNONWgkrew=="
    },
    "tonal-midi": {
      "version": "0.69.7",
      "resolved": "https://registry.npmjs.org/tonal-midi/-/tonal-midi-0.69.7.tgz",
      "integrity": "sha1-51Tsk/Pb2yim051CRXwzrSRf+kc=",
      "requires": {
        "note-parser": "^2.0.1"
      }
    },
    "tslib": {
      "version": "2.0.1",
      "resolved": "https://registry.npmjs.org/tslib/-/tslib-2.0.1.tgz",
      "integrity": "sha512-SgIkNheinmEBgx1IUNirK0TUD4X9yjjBRTqqjggWCU3pUEqIk3/Uwl3yRixYKT6WjQuGiwDv4NomL3wqRCj+CQ=="
    },
    "utf-8": {
      "version": "2.0.0",
      "resolved": "https://registry.npmjs.org/utf-8/-/utf-8-2.0.0.tgz",
      "integrity": "sha512-DItg/Z20ltBzugPrb8Mx1oN0F8CqN5bD38T57YM/pF/GOzUsNVXiellI0PbJPq3e1Z7BEDNoWP1H1+4n7g54Cg=="
    },
    "worker-factory": {
      "version": "6.0.19",
      "resolved": "https://registry.npmjs.org/worker-factory/-/worker-factory-6.0.19.tgz",
      "integrity": "sha512-BCCds8QuVG3bax8QjhqCgxh4a4hD1QYFOnKWFO5W9mrXkbXXe+mwFB2U7xudCxKwyhCbxOhyeq5ascXHDwy/nw==",
      "requires": {
        "@babel/runtime": "^7.11.2",
        "compilerr": "^8.0.17",
        "fast-unique-numbers": "^5.0.16",
        "tslib": "^2.0.1"
      }
    }
  }
}
